Microsoft Visual Studio Solution File, Format Version 12.00
# Visual Studio 14
VisualStudioVersion = 14.0.24720.0
MinimumVisualStudioVersion = 10.0.40219.1
Project("{FAE04EC0-301F-11D3-BF4B-00C04F79EFBC}") = "GuiCe", "GuiCe\GuiCe.csproj", "{4B0B4B90-C53E-40BD-B782-6ECB631D909C}"
	ProjectSection(ProjectDependencies) = postProject
		{6FB33427-E872-4D2E-8EB1-F6E6D3547869} = {6FB33427-E872-4D2E-8EB1-F6E6D3547869}
		{0C807527-4894-4D3A-AE38-25E9089B69B1} = {0C807527-4894-4D3A-AE38-25E9089B69B1}
		{3F42D14E-5C05-4CAE-902A-1CCF52E46BA5} = {3F42D14E-5C05-4CAE-902A-1CCF52E46BA5}
		{2CADA07A-C477-4F9F-A9D9-0C518AA16A19} = {2CADA07A-C477-4F9F-A9D9-0C518AA16A19}
		{BBAA2F7C-FE21-4950-8066-F0F5CDBD2EC9} = {BBAA2F7C-FE21-4950-8066-F0F5CDBD2EC9}
		{793498D7-E1F5-4340-8D7F-B4DE0B9243DF} = {793498D7-E1F5-4340-8D7F-B4DE0B9243DF}
		{A473A2DE-28B2-40B2-8B60-3C428911CD22} = {A473A2DE-28B2-40B2-8B60-3C428911CD22}
		{C90619FD-71B3-4C15-8C67-B0309D8BEB0B} = {C90619FD-71B3-4C15-8C67-B0309D8BEB0B}
	EndProjectSection
EndProject
Project("{FAE04EC0-301F-11D3-BF4B-00C04F79EFBC}") = "Interface", "Interface\Interface.csproj", "{AA32C79B-875C-45D3-AF33-7B3CBDA82A93}"
EndProject
Project("{FAE04EC0-301F-11D3-BF4B-00C04F79EFBC}") = "Mpeg2Detector", "Mpeg2Detector\Mpeg2Detector.csproj", "{6FB33427-E872-4D2E-8EB1-F6E6D3547869}"
EndProject
Project("{54435603-DBB4-11D2-8724-00A0C9A8B90C}") = "Installer", "Installer\Installer.vdproj", "{1F4E23E8-9480-4199-A028-D4CA144AE5CD}"
EndProject
Project("{FAE04EC0-301F-11D3-BF4B-00C04F79EFBC}") = "3GppDetector", "3GppDetector\3GppDetector.csproj", "{793498D7-E1F5-4340-8D7F-B4DE0B9243DF}"
EndProject
Project("{FAE04EC0-301F-11D3-BF4B-00C04F79EFBC}") = "DetectorCommon", "DetectorCommon\DetectorCommon.csproj", "{C90619FD-71B3-4C15-8C67-B0309D8BEB0B}"
EndProject
Project("{FAE04EC0-301F-11D3-BF4B-00C04F79EFBC}") = "Test", "Test\Test.csproj", "{4FA5C98A-0C83-4914-BBB4-296199DF4426}"
EndProject
Project("{FAE04EC0-301F-11D3-BF4B-00C04F79EFBC}") = "Framework", "Framework\Framework.csproj", "{889BA7E9-FDF1-404F-A0B7-DE1ABDEB137F}"
EndProject
Project("{FAE04EC0-301F-11D3-BF4B-00C04F79EFBC}") = "Console", "Console\Console.csproj", "{CC8D38D4-6D59-471A-A4CD-E4148AFB1FBF}"
EndProject
Project("{FAE04EC0-301F-11D3-BF4B-00C04F79EFBC}") = "UnknownFormatDetector", "UnknownFormatDetector\UnknownFormatDetector.csproj", "{68162206-4C49-4269-9EDF-C08531D8F191}"
EndProject
Project("{FAE04EC0-301F-11D3-BF4B-00C04F79EFBC}") = "DataStructures", "DataStructures\DataStructures.csproj", "{FFFCB9C7-B032-4C80-AB5E-497D30CE7D20}"
EndProject
Project("{FAE04EC0-301F-11D3-BF4B-00C04F79EFBC}") = "AviDetector", "AviDetector\AviDetector.csproj", "{3F42D14E-5C05-4CAE-902A-1CCF52E46BA5}"
EndProject
Project("{FAE04EC0-301F-11D3-BF4B-00C04F79EFBC}") = "Mpeg4Detector", "NewMpeg4Detector\Mpeg4Detector.csproj", "{BBAA2F7C-FE21-4950-8066-F0F5CDBD2EC9}"
EndProject
Project("{FAE04EC0-301F-11D3-BF4B-00C04F79EFBC}") = "ExampleDetector", "ExampleDetector\ExampleDetector.csproj", "{ECF77EE2-C12D-43A4-9839-9F02328A6D7F}"
EndProject
Project("{FAE04EC0-301F-11D3-BF4B-00C04F79EFBC}") = "AsfDetector", "AsfDetector\AsfDetector.csproj", "{A473A2DE-28B2-40B2-8B60-3C428911CD22}"
EndProject
Project("{FAE04EC0-301F-11D3-BF4B-00C04F79EFBC}") = "PostBuildEvent", "PostBuildEvent\PostBuildEvent.csproj", "{0C807527-4894-4D3A-AE38-25E9089B69B1}"
EndProject
Project("{FAE04EC0-301F-11D3-BF4B-00C04F79EFBC}") = "Util", "Util\Util.csproj", "{A7D53AEE-D37F-4EEE-8776-13108BB9D53F}"
EndProject
Project("{FAE04EC0-301F-11D3-BF4B-00C04F79EFBC}") = "H264Detector", "H264Detector\H264Detector.csproj", "{9CF91738-4EB5-453A-AE7A-9743D6ABE664}"
EndProject
Project("{FAE04EC0-301F-11D3-BF4B-00C04F79EFBC}") = "FFmpegConverter", "FFmpegConverter\FFmpegConverter.csproj", "{2CADA07A-C477-4F9F-A9D9-0C518AA16A19}"
	ProjectSection(ProjectDependencies) = postProject
		{AA32C79B-875C-45D3-AF33-7B3CBDA82A93} = {AA32C79B-875C-45D3-AF33-7B3CBDA82A93}
	EndProjectSection
EndProject
Global
	GlobalSection(SolutionConfigurationPlatforms) = preSolution
		Debug|x64 = Debug|x64
		Debug|x86 = Debug|x86
		Release|x64 = Release|x64
		Release|x86 = Release|x86
	EndGlobalSection
	GlobalSection(ProjectConfigurationPlatforms) = postSolution
		{4B0B4B90-C53E-40BD-B782-6ECB631D909C}.Debug|x64.ActiveCfg = Debug|Any CPU
		{4B0B4B90-C53E-40BD-B782-6ECB631D909C}.Debug|x64.Build.0 = Debug|Any CPU
		{4B0B4B90-C53E-40BD-B782-6ECB631D909C}.Debug|x86.ActiveCfg = Debug|Any CPU
		{4B0B4B90-C53E-40BD-B782-6ECB631D909C}.Debug|x86.Build.0 = Debug|Any CPU
		{4B0B4B90-C53E-40BD-B782-6ECB631D909C}.Release|x64.ActiveCfg = Release|Any CPU
		{4B0B4B90-C53E-40BD-B782-6ECB631D909C}.Release|x64.Build.0 = Release|Any CPU
		{4B0B4B90-C53E-40BD-B782-6ECB631D909C}.Release|x86.ActiveCfg = Release|Any CPU
		{4B0B4B90-C53E-40BD-B782-6ECB631D909C}.Release|x86.Build.0 = Release|Any CPU
		{AA32C79B-875C-45D3-AF33-7B3CBDA82A93}.Debug|x64.ActiveCfg = Debug|Any CPU
		{AA32C79B-875C-45D3-AF33-7B3CBDA82A93}.Debug|x64.Build.0 = Debug|Any CPU
		{AA32C79B-875C-45D3-AF33-7B3CBDA82A93}.Debug|x86.ActiveCfg = Debug|Any CPU
		{AA32C79B-875C-45D3-AF33-7B3CBDA82A93}.Debug|x86.Build.0 = Debug|Any CPU
		{AA32C79B-875C-45D3-AF33-7B3CBDA82A93}.Release|x64.ActiveCfg = Release|Any CPU
		{AA32C79B-875C-45D3-AF33-7B3CBDA82A93}.Release|x64.Build.0 = Release|Any CPU
		{AA32C79B-875C-45D3-AF33-7B3CBDA82A93}.Release|x86.ActiveCfg = Release|Any CPU
		{AA32C79B-875C-45D3-AF33-7B3CBDA82A93}.Release|x86.Build.0 = Release|Any CPU
		{6FB33427-E872-4D2E-8EB1-F6E6D3547869}.Debug|x64.ActiveCfg = Debug|Any CPU
		{6FB33427-E872-4D2E-8EB1-F6E6D3547869}.Debug|x64.Build.0 = Debug|Any CPU
		{6FB33427-E872-4D2E-8EB1-F6E6D3547869}.Debug|x86.ActiveCfg = Debug|Any CPU
		{6FB33427-E872-4D2E-8EB1-F6E6D3547869}.Debug|x86.Build.0 = Debug|Any CPU
		{6FB33427-E872-4D2E-8EB1-F6E6D3547869}.Release|x64.ActiveCfg = Release|Any CPU
		{6FB33427-E872-4D2E-8EB1-F6E6D3547869}.Release|x64.Build.0 = Release|Any CPU
		{6FB33427-E872-4D2E-8EB1-F6E6D3547869}.Release|x86.ActiveCfg = Release|Any CPU
		{6FB33427-E872-4D2E-8EB1-F6E6D3547869}.Release|x86.Build.0 = Release|Any CPU
		{1F4E23E8-9480-4199-A028-D4CA144AE5CD}.Debug|x64.ActiveCfg = Debug
		{1F4E23E8-9480-4199-A028-D4CA144AE5CD}.Debug|x64.Build.0 = Debug
		{1F4E23E8-9480-4199-A028-D4CA144AE5CD}.Debug|x86.ActiveCfg = Debug
		{1F4E23E8-9480-4199-A028-D4CA144AE5CD}.Release|x64.ActiveCfg = Release
		{1F4E23E8-9480-4199-A028-D4CA144AE5CD}.Release|x64.Build.0 = Release
		{1F4E23E8-9480-4199-A028-D4CA144AE5CD}.Release|x86.ActiveCfg = Release
		{1F4E23E8-9480-4199-A028-D4CA144AE5CD}.Release|x86.Build.0 = Release
		{793498D7-E1F5-4340-8D7F-B4DE0B9243DF}.Debug|x64.ActiveCfg = Debug|Any CPU
		{793498D7-E1F5-4340-8D7F-B4DE0B9243DF}.Debug|x64.Build.0 = Debug|Any CPU
		{793498D7-E1F5-4340-8D7F-B4DE0B9243DF}.Debug|x86.ActiveCfg = Debug|Any CPU
		{793498D7-E1F5-4340-8D7F-B4DE0B9243DF}.Debug|x86.Build.0 = Debug|Any CPU
		{793498D7-E1F5-4340-8D7F-B4DE0B9243DF}.Release|x64.ActiveCfg = Release|Any CPU
		{793498D7-E1F5-4340-8D7F-B4DE0B9243DF}.Release|x64.Build.0 = Release|Any CPU
		{793498D7-E1F5-4340-8D7F-B4DE0B9243DF}.Release|x86.ActiveCfg = Release|Any CPU
		{793498D7-E1F5-4340-8D7F-B4DE0B9243DF}.Release|x86.Build.0 = Release|Any CPU
		{C90619FD-71B3-4C15-8C67-B0309D8BEB0B}.Debug|x64.ActiveCfg = Debug|Any CPU
		{C90619FD-71B3-4C15-8C67-B0309D8BEB0B}.Debug|x64.Build.0 = Debug|Any CPU
		{C90619FD-71B3-4C15-8C67-B0309D8BEB0B}.Debug|x86.ActiveCfg = Debug|Any CPU
		{C90619FD-71B3-4C15-8C67-B0309D8BEB0B}.Debug|x86.Build.0 = Debug|Any CPU
		{C90619FD-71B3-4C15-8C67-B0309D8BEB0B}.Release|x64.ActiveCfg = Release|Any CPU
		{C90619FD-71B3-4C15-8C67-B0309D8BEB0B}.Release|x64.Build.0 = Release|Any CPU
		{C90619FD-71B3-4C15-8C67-B0309D8BEB0B}.Release|x86.ActiveCfg = Release|Any CPU
		{C90619FD-71B3-4C15-8C67-B0309D8BEB0B}.Release|x86.Build.0 = Release|Any CPU
		{4FA5C98A-0C83-4914-BBB4-296199DF4426}.Debug|x64.ActiveCfg = Debug|Any CPU
		{4FA5C98A-0C83-4914-BBB4-296199DF4426}.Debug|x64.Build.0 = Debug|Any CPU
		{4FA5C98A-0C83-4914-BBB4-296199DF4426}.Debug|x86.ActiveCfg = Debug|Any CPU
		{4FA5C98A-0C83-4914-BBB4-296199DF4426}.Debug|x86.Build.0 = Debug|Any CPU
		{4FA5C98A-0C83-4914-BBB4-296199DF4426}.Release|x64.ActiveCfg = Release|Any CPU
		{4FA5C98A-0C83-4914-BBB4-296199DF4426}.Release|x64.Build.0 = Release|Any CPU
		{4FA5C98A-0C83-4914-BBB4-296199DF4426}.Release|x86.ActiveCfg = Release|Any CPU
		{4FA5C98A-0C83-4914-BBB4-296199DF4426}.Release|x86.Build.0 = Release|Any CPU
		{889BA7E9-FDF1-404F-A0B7-DE1ABDEB137F}.Debug|x64.ActiveCfg = Debug|Any CPU
		{889BA7E9-FDF1-404F-A0B7-DE1ABDEB137F}.Debug|x64.Build.0 = Debug|Any CPU
		{889BA7E9-FDF1-404F-A0B7-DE1ABDEB137F}.Debug|x86.ActiveCfg = Debug|Any CPU
		{889BA7E9-FDF1-404F-A0B7-DE1ABDEB137F}.Debug|x86.Build.0 = Debug|Any CPU
		{889BA7E9-FDF1-404F-A0B7-DE1ABDEB137F}.Release|x64.ActiveCfg = Release|Any CPU
		{889BA7E9-FDF1-404F-A0B7-DE1ABDEB137F}.Release|x64.Build.0 = Release|Any CPU
		{889BA7E9-FDF1-404F-A0B7-DE1ABDEB137F}.Release|x86.ActiveCfg = Release|Any CPU
		{889BA7E9-FDF1-404F-A0B7-DE1ABDEB137F}.Release|x86.Build.0 = Release|Any CPU
		{CC8D38D4-6D59-471A-A4CD-E4148AFB1FBF}.Debug|x64.ActiveCfg = Debug|Any CPU
		{CC8D38D4-6D59-471A-A4CD-E4148AFB1FBF}.Debug|x64.Build.0 = Debug|Any CPU
		{CC8D38D4-6D59-471A-A4CD-E4148AFB1FBF}.Debug|x86.ActiveCfg = Debug|Any CPU
		{CC8D38D4-6D59-471A-A4CD-E4148AFB1FBF}.Debug|x86.Build.0 = Debug|Any CPU
		{CC8D38D4-6D59-471A-A4CD-E4148AFB1FBF}.Release|x64.ActiveCfg = Release|Any CPU
		{CC8D38D4-6D59-471A-A4CD-E4148AFB1FBF}.Release|x64.Build.0 = Release|Any CPU
		{CC8D38D4-6D59-471A-A4CD-E4148AFB1FBF}.Release|x86.ActiveCfg = Release|Any CPU
		{CC8D38D4-6D59-471A-A4CD-E4148AFB1FBF}.Release|x86.Build.0 = Release|Any CPU
		{68162206-4C49-4269-9EDF-C08531D8F191}.Debug|x64.ActiveCfg = Debug|Any CPU
		{68162206-4C49-4269-9EDF-C08531D8F191}.Debug|x64.Build.0 = Debug|Any CPU
		{68162206-4C49-4269-9EDF-C08531D8F191}.Debug|x86.ActiveCfg = Debug|Any CPU
		{68162206-4C49-4269-9EDF-C08531D8F191}.Debug|x86.Build.0 = Debug|Any CPU
		{68162206-4C49-4269-9EDF-C08531D8F191}.Release|x64.ActiveCfg = Release|Any CPU
		{68162206-4C49-4269-9EDF-C08531D8F191}.Release|x64.Build.0 = Release|Any CPU
		{68162206-4C49-4269-9EDF-C08531D8F191}.Release|x86.ActiveCfg = Release|Any CPU
		{68162206-4C49-4269-9EDF-C08531D8F191}.Release|x86.Build.0 = Release|Any CPU
		{FFFCB9C7-B032-4C80-AB5E-497D30CE7D20}.Debug|x64.ActiveCfg = Debug|Any CPU
		{FFFCB9C7-B032-4C80-AB5E-497D30CE7D20}.Debug|x64.Build.0 = Debug|Any CPU
		{FFFCB9C7-B032-4C80-AB5E-497D30CE7D20}.Debug|x86.ActiveCfg = Debug|Any CPU
		{FFFCB9C7-B032-4C80-AB5E-497D30CE7D20}.Debug|x86.Build.0 = Debug|Any CPU
		{FFFCB9C7-B032-4C80-AB5E-497D30CE7D20}.Release|x64.ActiveCfg = Release|Any CPU
		{FFFCB9C7-B032-4C80-AB5E-497D30CE7D20}.Release|x64.Build.0 = Release|Any CPU
		{FFFCB9C7-B032-4C80-AB5E-497D30CE7D20}.Release|x86.ActiveCfg = Release|Any CPU
		{FFFCB9C7-B032-4C80-AB5E-497D30CE7D20}.Release|x86.Build.0 = Release|Any CPU
		{3F42D14E-5C05-4CAE-902A-1CCF52E46BA5}.Debug|x64.ActiveCfg = Debug|Any CPU
		{3F42D14E-5C05-4CAE-902A-1CCF52E46BA5}.Debug|x64.Build.0 = Debug|Any CPU
		{3F42D14E-5C05-4CAE-902A-1CCF52E46BA5}.Debug|x86.ActiveCfg = Debug|Any CPU
		{3F42D14E-5C05-4CAE-902A-1CCF52E46BA5}.Debug|x86.Build.0 = Debug|Any CPU
		{3F42D14E-5C05-4CAE-902A-1CCF52E46BA5}.Release|x64.ActiveCfg = Release|Any CPU
		{3F42D14E-5C05-4CAE-902A-1CCF52E46BA5}.Release|x64.Build.0 = Release|Any CPU
		{3F42D14E-5C05-4CAE-902A-1CCF52E46BA5}.Release|x86.ActiveCfg = Release|Any CPU
		{3F42D14E-5C05-4CAE-902A-1CCF52E46BA5}.Release|x86.Build.0 = Release|Any CPU
		{BBAA2F7C-FE21-4950-8066-F0F5CDBD2EC9}.Debug|x64.ActiveCfg = Debug|Any CPU
		{BBAA2F7C-FE21-4950-8066-F0F5CDBD2EC9}.Debug|x64.Build.0 = Debug|Any CPU
		{BBAA2F7C-FE21-4950-8066-F0F5CDBD2EC9}.Debug|x86.ActiveCfg = Debug|Any CPU
		{BBAA2F7C-FE21-4950-8066-F0F5CDBD2EC9}.Debug|x86.Build.0 = Debug|Any CPU
		{BBAA2F7C-FE21-4950-8066-F0F5CDBD2EC9}.Release|x64.ActiveCfg = Release|Any CPU
		{BBAA2F7C-FE21-4950-8066-F0F5CDBD2EC9}.Release|x64.Build.0 = Release|Any CPU
		{BBAA2F7C-FE21-4950-8066-F0F5CDBD2EC9}.Release|x86.ActiveCfg = Release|Any CPU
		{BBAA2F7C-FE21-4950-8066-F0F5CDBD2EC9}.Release|x86.Build.0 = Release|Any CPU
		{ECF77EE2-C12D-43A4-9839-9F02328A6D7F}.Debug|x64.ActiveCfg = Debug|Any CPU
		{ECF77EE2-C12D-43A4-9839-9F02328A6D7F}.Debug|x64.Build.0 = Debug|Any CPU
		{ECF77EE2-C12D-43A4-9839-9F02328A6D7F}.Debug|x86.ActiveCfg = Debug|Any CPU
		{ECF77EE2-C12D-43A4-9839-9F02328A6D7F}.Debug|x86.Build.0 = Debug|Any CPU
		{ECF77EE2-C12D-43A4-9839-9F02328A6D7F}.Release|x64.ActiveCfg = Release|Any CPU
		{ECF77EE2-C12D-43A4-9839-9F02328A6D7F}.Release|x64.Build.0 = Release|Any CPU
		{ECF77EE2-C12D-43A4-9839-9F02328A6D7F}.Release|x86.ActiveCfg = Release|Any CPU
		{ECF77EE2-C12D-43A4-9839-9F02328A6D7F}.Release|x86.Build.0 = Release|Any CPU
		{A473A2DE-28B2-40B2-8B60-3C428911CD22}.Debug|x64.ActiveCfg = Debug|Any CPU
		{A473A2DE-28B2-40B2-8B60-3C428911CD22}.Debug|x64.Build.0 = Debug|Any CPU
		{A473A2DE-28B2-40B2-8B60-3C428911CD22}.Debug|x86.ActiveCfg = Debug|Any CPU
		{A473A2DE-28B2-40B2-8B60-3C428911CD22}.Debug|x86.Build.0 = Debug|Any CPU
		{A473A2DE-28B2-40B2-8B60-3C428911CD22}.Release|x64.ActiveCfg = Release|Any CPU
		{A473A2DE-28B2-40B2-8B60-3C428911CD22}.Release|x64.Build.0 = Release|Any CPU
		{A473A2DE-28B2-40B2-8B60-3C428911CD22}.Release|x86.ActiveCfg = Release|Any CPU
		{A473A2DE-28B2-40B2-8B60-3C428911CD22}.Release|x86.Build.0 = Release|Any CPU
		{0C807527-4894-4D3A-AE38-25E9089B69B1}.Debug|x64.ActiveCfg = Debug|Any CPU
		{0C807527-4894-4D3A-AE38-25E9089B69B1}.Debug|x64.Build.0 = Debug|Any CPU
		{0C807527-4894-4D3A-AE38-25E9089B69B1}.Debug|x86.ActiveCfg = Debug|Any CPU
		{0C807527-4894-4D3A-AE38-25E9089B69B1}.Debug|x86.Build.0 = Debug|Any CPU
		{0C807527-4894-4D3A-AE38-25E9089B69B1}.Release|x64.ActiveCfg = Release|Any CPU
		{0C807527-4894-4D3A-AE38-25E9089B69B1}.Release|x64.Build.0 = Release|Any CPU
		{0C807527-4894-4D3A-AE38-25E9089B69B1}.Release|x86.ActiveCfg = Release|Any CPU
		{0C807527-4894-4D3A-AE38-25E9089B69B1}.Release|x86.Build.0 = Release|Any CPU
		{A7D53AEE-D37F-4EEE-8776-13108BB9D53F}.Debug|x64.ActiveCfg = Debug|Any CPU
		{A7D53AEE-D37F-4EEE-8776-13108BB9D53F}.Debug|x64.Build.0 = Debug|Any CPU
		{A7D53AEE-D37F-4EEE-8776-13108BB9D53F}.Debug|x86.ActiveCfg = Debug|Any CPU
		{A7D53AEE-D37F-4EEE-8776-13108BB9D53F}.Debug|x86.Build.0 = Debug|Any CPU
		{A7D53AEE-D37F-4EEE-8776-13108BB9D53F}.Release|x64.ActiveCfg = Release|Any CPU
		{A7D53AEE-D37F-4EEE-8776-13108BB9D53F}.Release|x64.Build.0 = Release|Any CPU
		{A7D53AEE-D37F-4EEE-8776-13108BB9D53F}.Release|x86.ActiveCfg = Release|Any CPU
		{A7D53AEE-D37F-4EEE-8776-13108BB9D53F}.Release|x86.Build.0 = Release|Any CPU
		{9CF91738-4EB5-453A-AE7A-9743D6ABE664}.Debug|x64.ActiveCfg = Debug|Any CPU
		{9CF91738-4EB5-453A-AE7A-9743D6ABE664}.Debug|x64.Build.0 = Debug|Any CPU
		{9CF91738-4EB5-453A-AE7A-9743D6ABE664}.Debug|x86.ActiveCfg = Debug|Any CPU
		{9CF91738-4EB5-453A-AE7A-9743D6ABE664}.Debug|x86.Build.0 = Debug|Any CPU
		{9CF91738-4EB5-453A-AE7A-9743D6ABE664}.Release|x64.ActiveCfg = Release|Any CPU
		{9CF91738-4EB5-453A-AE7A-9743D6ABE664}.Release|x64.Build.0 = Release|Any CPU
		{9CF91738-4EB5-453A-AE7A-9743D6ABE664}.Release|x86.ActiveCfg = Release|Any CPU
		{9CF91738-4EB5-453A-AE7A-9743D6ABE664}.Release|x86.Build.0 = Release|Any CPU
		{2CADA07A-C477-4F9F-A9D9-0C518AA16A19}.Debug|x64.ActiveCfg = Debug|Any CPU
		{2CADA07A-C477-4F9F-A9D9-0C518AA16A19}.Debug|x64.Build.0 = Debug|Any CPU
		{2CADA07A-C477-4F9F-A9D9-0C518AA16A19}.Debug|x86.ActiveCfg = Debug|Any CPU
		{2CADA07A-C477-4F9F-A9D9-0C518AA16A19}.Debug|x86.Build.0 = Debug|Any CPU
		{2CADA07A-C477-4F9F-A9D9-0C518AA16A19}.Release|x64.ActiveCfg = Release|Any CPU
		{2CADA07A-C477-4F9F-A9D9-0C518AA16A19}.Release|x64.Build.0 = Release|Any CPU
		{2CADA07A-C477-4F9F-A9D9-0C518AA16A19}.Release|x86.ActiveCfg = Release|Any CPU
		{2CADA07A-C477-4F9F-A9D9-0C518AA16A19}.Release|x86.Build.0 = Release|Any CPU
	EndGlobalSection
	GlobalSection(SolutionProperties) = preSolution
		HideSolutionNode = FALSE
	EndGlobalSection
	GlobalSection(SubversionScc) = preSolution
		Svn-Managed = True
		Manager = AnkhSVN - Subversion Support for Visual Studio
	EndGlobalSection
EndGlobal
