
Microsoft Visual Studio Solution File, Format Version 10.00
# Visual Studio 2008
Project("{FAE04EC0-301F-11D3-BF4B-00C04F79EFBC}") = "StyleCopExtensions", "StyleCopExtensions.csproj", "{501585E7-F603-45F8-A041-8DB799F68974}"
EndProject
Global
	GlobalSection(SolutionConfigurationPlatforms) = preSolution
		Debug|Any CPU = Debug|Any CPU
		Release|Any CPU = Release|Any CPU
	EndGlobalSection
	GlobalSection(ProjectConfigurationPlatforms) = postSolution
		{501585E7-F603-45F8-A041-8DB799F68974}.Debug|Any CPU.ActiveCfg = Debug|Any CPU
		{501585E7-F603-45F8-A041-8DB799F68974}.Debug|Any CPU.Build.0 = Debug|Any CPU
		{501585E7-F603-45F8-A041-8DB799F68974}.Release|Any CPU.ActiveCfg = Release|Any CPU
		{501585E7-F603-45F8-A041-8DB799F68974}.Release|Any CPU.Build.0 = Release|Any CPU
	EndGlobalSection
	GlobalSection(SolutionProperties) = preSolution
		HideSolutionNode = FALSE
	EndGlobalSection
EndGlobal
